
Microsoft Visual Studio Solution File, Format Version 12.00
# Visual Studio Version 17
VisualStudioVersion = 17.4.33213.308
MinimumVisualStudioVersion = 10.0.40219.1
Project("{FAE04EC0-301F-11D3-BF4B-00C04F79EFBC}") = "ImageProcessing.Web", "ImageProcessing.Web.csproj", "{4E582A12-34D7-48E2-9ADC-25C924F27EA2}"
EndProject
Project("{FAE04EC0-301F-11D3-BF4B-00C04F79EFBC}") = "ImageProcessing.FuncApp", "..\ImageProcessing.FuncApp\ImageProcessing.FuncApp.csproj", "{D5465200-9721-474E-A6FD-7503DE0A4A1F}"
EndProject
Global
	GlobalSection(SolutionConfigurationPlatforms) = preSolution
		Debug|Any CPU = Debug|Any CPU
		Release|Any CPU = Release|Any CPU
	EndGlobalSection
	GlobalSection(ProjectConfigurationPlatforms) = postSolution
		{4E582A12-34D7-48E2-9ADC-25C924F27EA2}.Debug|Any CPU.ActiveCfg = Debug|Any CPU
		{4E582A12-34D7-48E2-9ADC-25C924F27EA2}.Debug|Any CPU.Build.0 = Debug|Any CPU
		{4E582A12-34D7-48E2-9ADC-25C924F27EA2}.Release|Any CPU.ActiveCfg = Release|Any CPU
		{4E582A12-34D7-48E2-9ADC-25C924F27EA2}.Release|Any CPU.Build.0 = Release|Any CPU
		{D5465200-9721-474E-A6FD-7503DE0A4A1F}.Debug|Any CPU.ActiveCfg = Debug|Any CPU
		{D5465200-9721-474E-A6FD-7503DE0A4A1F}.Debug|Any CPU.Build.0 = Debug|Any CPU
		{D5465200-9721-474E-A6FD-7503DE0A4A1F}.Release|Any CPU.ActiveCfg = Release|Any CPU
		{D5465200-9721-474E-A6FD-7503DE0A4A1F}.Release|Any CPU.Build.0 = Release|Any CPU
	EndGlobalSection
	GlobalSection(SolutionProperties) = preSolution
		HideSolutionNode = FALSE
	EndGlobalSection
	GlobalSection(ExtensibilityGlobals) = postSolution
		SolutionGuid = {03DA90FB-997B-4064-9127-ECA057889BB9}
	EndGlobalSection
EndGlobal
